PODS:
  - AWSCognito (2.3.6):
    - AWSCore (= 2.3.6)
  - AWSCore (2.3.6)
  - Bolts (1.6.0):
    - Bolts/AppLinks (= 1.6.0)
    - Bolts/Tasks (= 1.6.0)
  - Bolts/AppLinks (1.6.0):
    - Bolts/Tasks
  - Bolts/Tasks (1.6.0)
  - Facebook-iOS-SDK (4.1.0):
    - Bolts (~> 1.1)
    - Facebook-iOS-SDK/CoreKit (= 4.1.0)
    - Facebook-iOS-SDK/LoginKit (= 4.1.0)
    - Facebook-iOS-SDK/ShareKit (= 4.1.0)
  - Facebook-iOS-SDK/CoreKit (4.1.0):
    - Bolts (~> 1.1)
    - Facebook-iOS-SDK/CoreKit/no-arc (= 4.1.0)
  - Facebook-iOS-SDK/CoreKit/no-arc (4.1.0):
    - Bolts (~> 1.1)
  - Facebook-iOS-SDK/LoginKit (4.1.0):
    - Bolts (~> 1.1)
    - Facebook-iOS-SDK/CoreKit
  - Facebook-iOS-SDK/ShareKit (4.1.0):
    - Bolts (~> 1.1)
    - Facebook-iOS-SDK/CoreKit

DEPENDENCIES:
  - AWSCognito
  - Facebook-iOS-SDK

SPEC CHECKSUMS:
  AWSCognito: af54fe65171c7c994c134e5d29b1ee60ee234825
  AWSCore: 917d84b32974136194a905b98c0ae25c9f3350b8
  Bolts: f52a250053bb517ca874523c3913776359ab3def
  Facebook-iOS-SDK: f42dfb27283bf5f05e3a9edc88459a75b9892d99

COCOAPODS: 0.39.0
